
Microsoft Visual Studio Solution File, Format Version 12.00
# Visual Studio 14
VisualStudioVersion = 14.0.25420.1
MinimumVisualStudioVersion = 10.0.40219.1
Project("{8BC9CEB8-8B4A-11D0-8D11-00A0C91BC942}") = "DataStructAndAlgorithm", "DataStructAndAlgorithm\DataStructAndAlgorithm.vcxproj", "{B63E2EC9-F226-4215-B8EC-F782E68E65F2}"
EndProject
Project("{8BC9CEB8-8B4A-11D0-8D11-00A0C91BC942}") = "MathAlgorithm", "MathAlgorithm\MathAlgorithm.vcxproj", "{32825075-0648-4F05-8F3A-F813231ECAB7}"
EndProject
Project("{8BC9CEB8-8B4A-11D0-8D11-00A0C91BC942}") = "Charpter_3", "Charpter_3\Charpter_3.vcxproj", "{99CA1912-4EEF-47ED-B76A-0B91C71791A3}"
EndProject
Project("{8BC9CEB8-8B4A-11D0-8D11-00A0C91BC942}") = "Charpter_4", "Charpter_4\Charpter_4.vcxproj", "{697CBFC2-7CAF-480F-BA34-B98E5CC40343}"
EndProject
Global
	GlobalSection(SolutionConfigurationPlatforms) = preSolution
		Debug|x64 = Debug|x64
		Debug|x86 = Debug|x86
		Release|x64 = Release|x64
		Release|x86 = Release|x86
	EndGlobalSection
	GlobalSection(ProjectConfigurationPlatforms) = postSolution
		{B63E2EC9-F226-4215-B8EC-F782E68E65F2}.Debug|x64.ActiveCfg = Debug|x64
		{B63E2EC9-F226-4215-B8EC-F782E68E65F2}.Debug|x64.Build.0 = Debug|x64
		{B63E2EC9-F226-4215-B8EC-F782E68E65F2}.Debug|x86.ActiveCfg = Debug|Win32
		{B63E2EC9-F226-4215-B8EC-F782E68E65F2}.Debug|x86.Build.0 = Debug|Win32
		{B63E2EC9-F226-4215-B8EC-F782E68E65F2}.Release|x64.ActiveCfg = Release|x64
		{B63E2EC9-F226-4215-B8EC-F782E68E65F2}.Release|x64.Build.0 = Release|x64
		{B63E2EC9-F226-4215-B8EC-F782E68E65F2}.Release|x86.ActiveCfg = Release|Win32
		{B63E2EC9-F226-4215-B8EC-F782E68E65F2}.Release|x86.Build.0 = Release|Win32
		{32825075-0648-4F05-8F3A-F813231ECAB7}.Debug|x64.ActiveCfg = Debug|x64
		{32825075-0648-4F05-8F3A-F813231ECAB7}.Debug|x64.Build.0 = Debug|x64
		{32825075-0648-4F05-8F3A-F813231ECAB7}.Debug|x86.ActiveCfg = Debug|Win32
		{32825075-0648-4F05-8F3A-F813231ECAB7}.Debug|x86.Build.0 = Debug|Win32
		{32825075-0648-4F05-8F3A-F813231ECAB7}.Release|x64.ActiveCfg = Release|x64
		{32825075-0648-4F05-8F3A-F813231ECAB7}.Release|x64.Build.0 = Release|x64
		{32825075-0648-4F05-8F3A-F813231ECAB7}.Release|x86.ActiveCfg = Release|Win32
		{32825075-0648-4F05-8F3A-F813231ECAB7}.Release|x86.Build.0 = Release|Win32
		{99CA1912-4EEF-47ED-B76A-0B91C71791A3}.Debug|x64.ActiveCfg = Debug|x64
		{99CA1912-4EEF-47ED-B76A-0B91C71791A3}.Debug|x64.Build.0 = Debug|x64
		{99CA1912-4EEF-47ED-B76A-0B91C71791A3}.Debug|x86.ActiveCfg = Debug|Win32
		{99CA1912-4EEF-47ED-B76A-0B91C71791A3}.Debug|x86.Build.0 = Debug|Win32
		{99CA1912-4EEF-47ED-B76A-0B91C71791A3}.Release|x64.ActiveCfg = Release|x64
		{99CA1912-4EEF-47ED-B76A-0B91C71791A3}.Release|x64.Build.0 = Release|x64
		{99CA1912-4EEF-47ED-B76A-0B91C71791A3}.Release|x86.ActiveCfg = Release|Win32
		{99CA1912-4EEF-47ED-B76A-0B91C71791A3}.Release|x86.Build.0 = Release|Win32
		{697CBFC2-7CAF-480F-BA34-B98E5CC40343}.Debug|x64.ActiveCfg = Debug|x64
		{697CBFC2-7CAF-480F-BA34-B98E5CC40343}.Debug|x64.Build.0 = Debug|x64
		{697CBFC2-7CAF-480F-BA34-B98E5CC40343}.Debug|x86.ActiveCfg = Debug|Win32
		{697CBFC2-7CAF-480F-BA34-B98E5CC40343}.Debug|x86.Build.0 = Debug|Win32
		{697CBFC2-7CAF-480F-BA34-B98E5CC40343}.Release|x64.ActiveCfg = Release|x64
		{697CBFC2-7CAF-480F-BA34-B98E5CC40343}.Release|x64.Build.0 = Release|x64
		{697CBFC2-7CAF-480F-BA34-B98E5CC40343}.Release|x86.ActiveCfg = Release|Win32
		{697CBFC2-7CAF-480F-BA34-B98E5CC40343}.Release|x86.Build.0 = Release|Win32
	EndGlobalSection
	GlobalSection(SolutionProperties) = preSolution
		HideSolutionNode = FALSE
	EndGlobalSection
EndGlobal
